{
  "name": "@signalk/set-system-time",
  "version": "1.3.0",
  "lockfileVersion": 1,
  "requires": true,
  "dependencies": {
    "baconjs": {
      "version": "1.0.1",
      "resolved": "https://registry.npmjs.org/baconjs/-/baconjs-1.0.1.tgz",
      "integrity": "sha512-f4YHGKrxagnsgzrd5E33VIcfTJaFBgBwvwINP0vi0mJW9Rddjda6sG/ICBeT5a5foZmqwWDhRbWpbSH+TLVKxw==",
      "dev": true
    }
  }
}
